
Microsoft Visual Studio Solution File, Format Version 12.00
# Visual Studio Version 17
VisualStudioVersion = 17.5.33530.505
MinimumVisualStudioVersion = 10.0.40219.1
Project("{FAE04EC0-301F-11D3-BF4B-00C04F79EFBC}") = "CincoPaises", "CincoPaises\CincoPaises.csproj", "{18EB834B-FD63-48EA-949A-62AD7F92E530}"
EndProject
Global
	GlobalSection(SolutionConfigurationPlatforms) = preSolution
		Debug|Any CPU = Debug|Any CPU
		Release|Any CPU = Release|Any CPU
	EndGlobalSection
	GlobalSection(ProjectConfigurationPlatforms) = postSolution
		{18EB834B-FD63-48EA-949A-62AD7F92E530}.Debug|Any CPU.ActiveCfg = Debug|Any CPU
		{18EB834B-FD63-48EA-949A-62AD7F92E530}.Debug|Any CPU.Build.0 = Debug|Any CPU
		{18EB834B-FD63-48EA-949A-62AD7F92E530}.Release|Any CPU.ActiveCfg = Release|Any CPU
		{18EB834B-FD63-48EA-949A-62AD7F92E530}.Release|Any CPU.Build.0 = Release|Any CPU
	EndGlobalSection
	GlobalSection(SolutionProperties) = preSolution
		HideSolutionNode = FALSE
	EndGlobalSection
	GlobalSection(ExtensibilityGlobals) = postSolution
		SolutionGuid = {EF018340-B9FC-4EB0-AEC2-982AD891AAF7}
	EndGlobalSection
EndGlobal
