
Microsoft Visual Studio Solution File, Format Version 12.00
# Visual Studio Version 17
VisualStudioVersion = 17.5.33530.505
MinimumVisualStudioVersion = 10.0.40219.1
Project("{FAE04EC0-301F-11D3-BF4B-00C04F79EFBC}") = "Exercicio1", "Exercicio1\Exercicio1.csproj", "{8BC44B4A-7065-472E-AFA8-23173098E6BD}"
EndProject
Global
	GlobalSection(SolutionConfigurationPlatforms) = preSolution
		Debug|Any CPU = Debug|Any CPU
		Release|Any CPU = Release|Any CPU
	EndGlobalSection
	GlobalSection(ProjectConfigurationPlatforms) = postSolution
		{8BC44B4A-7065-472E-AFA8-23173098E6BD}.Debug|Any CPU.ActiveCfg = Debug|Any CPU
		{8BC44B4A-7065-472E-AFA8-23173098E6BD}.Debug|Any CPU.Build.0 = Debug|Any CPU
		{8BC44B4A-7065-472E-AFA8-23173098E6BD}.Release|Any CPU.ActiveCfg = Release|Any CPU
		{8BC44B4A-7065-472E-AFA8-23173098E6BD}.Release|Any CPU.Build.0 = Release|Any CPU
	EndGlobalSection
	GlobalSection(SolutionProperties) = preSolution
		HideSolutionNode = FALSE
	EndGlobalSection
	GlobalSection(ExtensibilityGlobals) = postSolution
		SolutionGuid = {CB31F7FD-2B1B-40CF-B26E-D8BA5A6D456F}
	EndGlobalSection
EndGlobal
