
Microsoft Visual Studio Solution File, Format Version 12.00
# Visual Studio Version 17
VisualStudioVersion = 17.5.33530.505
MinimumVisualStudioVersion = 10.0.40219.1
Project("{FAE04EC0-301F-11D3-BF4B-00C04F79EFBC}") = "ternario", "ternario\ternario.csproj", "{12E96325-8F6B-4C10-A460-BEB472DC46DF}"
EndProject
Global
	GlobalSection(SolutionConfigurationPlatforms) = preSolution
		Debug|Any CPU = Debug|Any CPU
		Release|Any CPU = Release|Any CPU
	EndGlobalSection
	GlobalSection(ProjectConfigurationPlatforms) = postSolution
		{12E96325-8F6B-4C10-A460-BEB472DC46DF}.Debug|Any CPU.ActiveCfg = Debug|Any CPU
		{12E96325-8F6B-4C10-A460-BEB472DC46DF}.Debug|Any CPU.Build.0 = Debug|Any CPU
		{12E96325-8F6B-4C10-A460-BEB472DC46DF}.Release|Any CPU.ActiveCfg = Release|Any CPU
		{12E96325-8F6B-4C10-A460-BEB472DC46DF}.Release|Any CPU.Build.0 = Release|Any CPU
	EndGlobalSection
	GlobalSection(SolutionProperties) = preSolution
		HideSolutionNode = FALSE
	EndGlobalSection
	GlobalSection(ExtensibilityGlobals) = postSolution
		SolutionGuid = {268FB145-8950-4C6D-904B-E4D1DE21ABFE}
	EndGlobalSection
EndGlobal
