
Microsoft Visual Studio Solution File, Format Version 12.00
# Visual Studio Version 17
VisualStudioVersion = 17.5.33530.505
MinimumVisualStudioVersion = 10.0.40219.1
Project("{FAE04EC0-301F-11D3-BF4B-00C04F79EFBC}") = "matriz2D", "matriz2D\matriz2D.csproj", "{646EFC5D-6475-4515-8316-7B6284DB3EE9}"
EndProject
Global
	GlobalSection(SolutionConfigurationPlatforms) = preSolution
		Debug|Any CPU = Debug|Any CPU
		Release|Any CPU = Release|Any CPU
	EndGlobalSection
	GlobalSection(ProjectConfigurationPlatforms) = postSolution
		{646EFC5D-6475-4515-8316-7B6284DB3EE9}.Debug|Any CPU.ActiveCfg = Debug|Any CPU
		{646EFC5D-6475-4515-8316-7B6284DB3EE9}.Debug|Any CPU.Build.0 = Debug|Any CPU
		{646EFC5D-6475-4515-8316-7B6284DB3EE9}.Release|Any CPU.ActiveCfg = Release|Any CPU
		{646EFC5D-6475-4515-8316-7B6284DB3EE9}.Release|Any CPU.Build.0 = Release|Any CPU
	EndGlobalSection
	GlobalSection(SolutionProperties) = preSolution
		HideSolutionNode = FALSE
	EndGlobalSection
	GlobalSection(ExtensibilityGlobals) = postSolution
		SolutionGuid = {574018CA-54CC-4809-9062-9E0689211779}
	EndGlobalSection
EndGlobal
