
Microsoft Visual Studio Solution File, Format Version 12.00
# Visual Studio Version 17
VisualStudioVersion = 17.5.33530.505
MinimumVisualStudioVersion = 10.0.40219.1
Project("{FAE04EC0-301F-11D3-BF4B-00C04F79EFBC}") = "soma2Numeros", "soma2Numeros\soma2Numeros.csproj", "{FB00D2DC-8A69-4D74-86BB-17143480AA17}"
EndProject
Global
	GlobalSection(SolutionConfigurationPlatforms) = preSolution
		Debug|Any CPU = Debug|Any CPU
		Release|Any CPU = Release|Any CPU
	EndGlobalSection
	GlobalSection(ProjectConfigurationPlatforms) = postSolution
		{FB00D2DC-8A69-4D74-86BB-17143480AA17}.Debug|Any CPU.ActiveCfg = Debug|Any CPU
		{FB00D2DC-8A69-4D74-86BB-17143480AA17}.Debug|Any CPU.Build.0 = Debug|Any CPU
		{FB00D2DC-8A69-4D74-86BB-17143480AA17}.Release|Any CPU.ActiveCfg = Release|Any CPU
		{FB00D2DC-8A69-4D74-86BB-17143480AA17}.Release|Any CPU.Build.0 = Release|Any CPU
	EndGlobalSection
	GlobalSection(SolutionProperties) = preSolution
		HideSolutionNode = FALSE
	EndGlobalSection
	GlobalSection(ExtensibilityGlobals) = postSolution
		SolutionGuid = {6F5D8D42-556D-45B2-A3E4-AC6863E8753E}
	EndGlobalSection
EndGlobal
