
Microsoft Visual Studio Solution File, Format Version 12.00
# Visual Studio Version 17
VisualStudioVersion = 17.5.33530.505
MinimumVisualStudioVersion = 10.0.40219.1
Project("{FAE04EC0-301F-11D3-BF4B-00C04F79EFBC}") = "nome5Amigos", "nome5Amigos\nome5Amigos.csproj", "{4D48CB33-C657-49CE-8279-3E770B8407F3}"
EndProject
Global
	GlobalSection(SolutionConfigurationPlatforms) = preSolution
		Debug|Any CPU = Debug|Any CPU
		Release|Any CPU = Release|Any CPU
	EndGlobalSection
	GlobalSection(ProjectConfigurationPlatforms) = postSolution
		{4D48CB33-C657-49CE-8279-3E770B8407F3}.Debug|Any CPU.ActiveCfg = Debug|Any CPU
		{4D48CB33-C657-49CE-8279-3E770B8407F3}.Debug|Any CPU.Build.0 = Debug|Any CPU
		{4D48CB33-C657-49CE-8279-3E770B8407F3}.Release|Any CPU.ActiveCfg = Release|Any CPU
		{4D48CB33-C657-49CE-8279-3E770B8407F3}.Release|Any CPU.Build.0 = Release|Any CPU
	EndGlobalSection
	GlobalSection(SolutionProperties) = preSolution
		HideSolutionNode = FALSE
	EndGlobalSection
	GlobalSection(ExtensibilityGlobals) = postSolution
		SolutionGuid = {74B8D8BE-1F93-4468-A5AB-EC19E753D5B0}
	EndGlobalSection
EndGlobal
